
Microsoft Visual Studio Solution File, Format Version 12.00
# Visual Studio Version 16
VisualStudioVersion = 16.0.30002.166
MinimumVisualStudioVersion = 10.0.40219.1
Project("{9A19103F-16F7-4668-BE54-9A1E7A4F7556}") = "Solution4.Module", "Solution4.Module\Solution4.Module.csproj", "{1FAE350D-ACAB-4EC0-8CE9-D259A7BA179D}"
EndProject
Project("{9A19103F-16F7-4668-BE54-9A1E7A4F7556}") = "Solution4.Module.Blazor", "Solution4.Module.Blazor\Solution4.Module.Blazor.csproj", "{78E3D6C8-7F06-4E64-81FC-230AC36B26E2}"
EndProject
Project("{9A19103F-16F7-4668-BE54-9A1E7A4F7556}") = "Solution4.Blazor.Server", "Solution4.Blazor.Server\Solution4.Blazor.Server.csproj", "{DB4D5A11-2665-4902-8663-461CD9B2EDAC}"
EndProject
Global
	GlobalSection(SolutionConfigurationPlatforms) = preSolution
		Debug|Any CPU = Debug|Any CPU
		EasyTest|Any CPU = EasyTest|Any CPU
		Release|Any CPU = Release|Any CPU
	EndGlobalSection
	GlobalSection(ProjectConfigurationPlatforms) = postSolution
		{1FAE350D-ACAB-4EC0-8CE9-D259A7BA179D}.Debug|Any CPU.ActiveCfg = Debug|Any CPU
		{1FAE350D-ACAB-4EC0-8CE9-D259A7BA179D}.Debug|Any CPU.Build.0 = Debug|Any CPU
		{1FAE350D-ACAB-4EC0-8CE9-D259A7BA179D}.EasyTest|Any CPU.ActiveCfg = EasyTest|Any CPU
		{1FAE350D-ACAB-4EC0-8CE9-D259A7BA179D}.EasyTest|Any CPU.Build.0 = EasyTest|Any CPU
		{1FAE350D-ACAB-4EC0-8CE9-D259A7BA179D}.Release|Any CPU.ActiveCfg = Release|Any CPU
		{1FAE350D-ACAB-4EC0-8CE9-D259A7BA179D}.Release|Any CPU.Build.0 = Release|Any CPU
		{78E3D6C8-7F06-4E64-81FC-230AC36B26E2}.Debug|Any CPU.ActiveCfg = Debug|Any CPU
		{78E3D6C8-7F06-4E64-81FC-230AC36B26E2}.Debug|Any CPU.Build.0 = Debug|Any CPU
		{78E3D6C8-7F06-4E64-81FC-230AC36B26E2}.EasyTest|Any CPU.ActiveCfg = EasyTest|Any CPU
		{78E3D6C8-7F06-4E64-81FC-230AC36B26E2}.EasyTest|Any CPU.Build.0 = EasyTest|Any CPU
		{78E3D6C8-7F06-4E64-81FC-230AC36B26E2}.Release|Any CPU.ActiveCfg = Release|Any CPU
		{78E3D6C8-7F06-4E64-81FC-230AC36B26E2}.Release|Any CPU.Build.0 = Release|Any CPU
		{DB4D5A11-2665-4902-8663-461CD9B2EDAC}.Debug|Any CPU.ActiveCfg = Debug|Any CPU
		{DB4D5A11-2665-4902-8663-461CD9B2EDAC}.Debug|Any CPU.Build.0 = Debug|Any CPU
		{DB4D5A11-2665-4902-8663-461CD9B2EDAC}.EasyTest|Any CPU.ActiveCfg = EasyTest|Any CPU
		{DB4D5A11-2665-4902-8663-461CD9B2EDAC}.EasyTest|Any CPU.Build.0 = EasyTest|Any CPU
		{DB4D5A11-2665-4902-8663-461CD9B2EDAC}.Release|Any CPU.ActiveCfg = Release|Any CPU
		{DB4D5A11-2665-4902-8663-461CD9B2EDAC}.Release|Any CPU.Build.0 = Release|Any CPU
	EndGlobalSection
	GlobalSection(SolutionProperties) = preSolution
		HideSolutionNode = FALSE
	EndGlobalSection
	GlobalSection(ExtensibilityGlobals) = postSolution
		SolutionGuid = {1C974AE3-CF99-40E3-827E-3481E7734D69}
	EndGlobalSection
EndGlobal
